
Microsoft Visual Studio Solution File, Format Version 12.00
# Visual Studio Version 17
VisualStudioVersion = 17.1.32407.343
MinimumVisualStudioVersion = 10.0.40219.1
Project("{9A19103F-16F7-4668-BE54-9A1E7A4F7556}") = "SLBr", "SLBr\SLBr.csproj", "{FF1DA947-F704-4897-B47F-0F380F969997}"
EndProject
Project("{FAE04EC0-301F-11D3-BF4B-00C04F79EFBC}") = "SLBr Installer", "SLBr Installer\SLBr Installer.csproj", "{B0AFCE9B-B4E6-4782-B009-D67BB39B3630}"
EndProject
Global
	GlobalSection(SolutionConfigurationPlatforms) = preSolution
		Debug|Any CPU = Debug|Any CPU
		Release|Any CPU = Release|Any CPU
	EndGlobalSection
	GlobalSection(ProjectConfigurationPlatforms) = postSolution
		{FF1DA947-F704-4897-B47F-0F380F969997}.Debug|Any CPU.ActiveCfg = Debug|Any CPU
		{FF1DA947-F704-4897-B47F-0F380F969997}.Debug|Any CPU.Build.0 = Debug|Any CPU
		{FF1DA947-F704-4897-B47F-0F380F969997}.Release|Any CPU.ActiveCfg = Release|Any CPU
		{FF1DA947-F704-4897-B47F-0F380F969997}.Release|Any CPU.Build.0 = Release|Any CPU
		{B0AFCE9B-B4E6-4782-B009-D67BB39B3630}.Debug|Any CPU.ActiveCfg = Debug|Any CPU
		{B0AFCE9B-B4E6-4782-B009-D67BB39B3630}.Debug|Any CPU.Build.0 = Debug|Any CPU
		{B0AFCE9B-B4E6-4782-B009-D67BB39B3630}.Release|Any CPU.ActiveCfg = Release|Any CPU
		{B0AFCE9B-B4E6-4782-B009-D67BB39B3630}.Release|Any CPU.Build.0 = Release|Any CPU
	EndGlobalSection
	GlobalSection(SolutionProperties) = preSolution
		HideSolutionNode = FALSE
	EndGlobalSection
	GlobalSection(ExtensibilityGlobals) = postSolution
		SolutionGuid = {1E5502FE-17AC-47F8-B630-E10EC469B60F}
	EndGlobalSection
EndGlobal
